{
    "_readme": [
        "This file locks the dependencies of your project to a known state",
        "Read more about it at https://getcomposer.org/doc/01-basic-usage.md#installing-dependencies",
        "This file is @generated automatically"
    ],
    "content-hash": "b73d53d8fd66a748173b32bf3d01d1f0",
    "packages": [
        {
            "name": "pimple/pimple",
            "version": "v3.2.3",
            "source": {
                "type": "git",
                "url": "https://github.com/silexphp/Pimple.git",
                "reference": "9e403941ef9d65d20cba7d54e29fe906db42cf32"
            },
            "dist": {
                "type": "zip",
                "url": "https://api.github.com/repos/silexphp/Pimple/zipball/9e403941ef9d65d20cba7d54e29fe906db42cf32",
                "reference": "9e403941ef9d65d20cba7d54e29fe906db42cf32",
                "shasum": ""
            },
            "require": {
                "php": ">=5.3.0",
                "psr/container": "^1.0"
            },
            "require-dev": {
                "symfony/phpunit-bridge": "^3.2"
            },
            "type": "library",
            "extra": {
                "branch-alias": {
                    "dev-master": "3.2.x-dev"
                }
            },
            "autoload": {
                "psr-0": {
                    "Pimple": "src/"
                }
            },
            "notification-url": "https://packagist.org/downloads/",
            "license": [
                "MIT"
            ],
            "authors": [
                {
                    "name": "Fabien Potencier",
                    "email": "fabien@symfony.com"
                }
            ],
            "description": "Pimple, a simple Dependency Injection Container",
            "homepage": "http://pimple.sensiolabs.org",
            "keywords": [
                "container",
                "dependency injection"
            ],
            "support": {
                "issues": "https://github.com/silexphp/Pimple/issues",
                "source": "https://github.com/silexphp/Pimple/tree/master"
            },
            "time": "2018-01-21T07:42:36+00:00"
        },
        {
            "name": "psr/container",
            "version": "1.1.1",
            "source": {
                "type": "git",
                "url": "https://github.com/php-fig/container.git",
                "reference": "8622567409010282b7aeebe4bb841fe98b58dcaf"
            },
            "dist": {
                "type": "zip",
                "url": "https://api.github.com/repos/php-fig/container/zipball/8622567409010282b7aeebe4bb841fe98b58dcaf",
                "reference": "8622567409010282b7aeebe4bb841fe98b58dcaf",
                "shasum": ""
            },
            "require": {
                "php": ">=7.2.0"
            },
            "type": "library",
            "autoload": {
                "psr-4": {
                    "Psr\\Container\\": "src/"
                }
            },
            "notification-url": "https://packagist.org/downloads/",
            "license": [
                "MIT"
            ],
            "authors": [
                {
                    "name": "PHP-FIG",
                    "homepage": "https://www.php-fig.org/"
                }
            ],
            "description": "Common Container Interface (PHP FIG PSR-11)",
            "homepage": "https://github.com/php-fig/container",
            "keywords": [
                "PSR-11",
                "container",
                "container-interface",
                "container-interop",
                "psr"
            ],
            "support": {
                "issues": "https://github.com/php-fig/container/issues",
                "source": "https://github.com/php-fig/container/tree/1.1.1"
            },
            "time": "2021-03-05T17:36:06+00:00"
        },
        {
            "name": "publishpress/wordpress-banners",
            "version": "v1.1.0",
            "source": {
                "type": "git",
                "url": "https://github.com/publishpress/wordpress-banners.git",
                "reference": "80837bb68d43176d75b120d790f963dbe3123015"
            },
            "dist": {
                "type": "zip",
                "url": "https://api.github.com/repos/publishpress/wordpress-banners/zipball/80837bb68d43176d75b120d790f963dbe3123015",
                "reference": "80837bb68d43176d75b120d790f963dbe3123015",
                "shasum": ""
            },
            "require": {
                "php": ">=5.6.20"
            },
            "type": "library",
            "notification-url": "https://packagist.org/downloads/",
            "license": [
                "GPL-3.0-or-later"
            ],
            "authors": [
                {
                    "name": "PublishPress",
                    "email": "help@publishpress.com"
                }
            ],
            "description": "Display banners in admin pages of PublishPress Plugins.",
            "homepage": "http://publishpress.com/",
            "support": {
                "issues": "https://github.com/publishpress/wordpress-banners/issues",
                "source": "https://github.com/publishpress/wordpress-banners/tree/v1.1.0"
            },
            "time": "2021-11-18T00:56:16+00:00"
        },
        {
            "name": "publishpress/wordpress-reviews",
            "version": "v1.1.12",
            "source": {
                "type": "git",
                "url": "https://github.com/publishpress/wordpress-reviews.git",
                "reference": "a257ebca0a72a7a3f59e6ed831752ab17f016983"
            },
            "dist": {
                "type": "zip",
                "url": "https://api.github.com/repos/publishpress/wordpress-reviews/zipball/a257ebca0a72a7a3f59e6ed831752ab17f016983",
                "reference": "a257ebca0a72a7a3f59e6ed831752ab17f016983",
                "shasum": ""
            },
            "require": {
                "php": ">=5.6.20"
            },
            "require-dev": {
                "overtrue/phplint": "^2.1"
            },
            "type": "library",
            "autoload": {
                "files": [
                    "ReviewsController.php"
                ]
            },
            "notification-url": "https://packagist.org/downloads/",
            "license": [
                "GPL-3.0-or-later"
            ],
            "authors": [
                {
                    "name": "PublishPress",
                    "email": "help@publishpress.com"
                },
                {
                    "name": "Daniel Iser",
                    "homepage": "https://github.com/danieliser/WP-Product-In-Dash-Review-Requests"
                }
            ],
            "description": "Library for showing a five-star review banner.",
            "homepage": "http://publishpress.com/",
            "keywords": [
                "review",
                "reviews",
                "wordpress plugin"
            ],
            "support": {
                "issues": "https://github.com/publishpress/wordpress-reviews/issues",
                "source": "https://github.com/publishpress/wordpress-reviews/tree/v1.1.12"
            },
            "time": "2021-11-12T18:57:53+00:00"
        },
        {
            "name": "publishpress/wordpress-version-notices",
            "version": "dev-master",
            "source": {
                "type": "git",
                "url": "https://github.com/publishpress/WordPress-Version-Notices.git",
                "reference": "57e7cbb3e9b9ac366ddd3fd0a80c2e2eabf75ea3"
            },
            "dist": {
                "type": "zip",
                "url": "https://api.github.com/repos/publishpress/WordPress-Version-Notices/zipball/57e7cbb3e9b9ac366ddd3fd0a80c2e2eabf75ea3",
                "reference": "57e7cbb3e9b9ac366ddd3fd0a80c2e2eabf75ea3",
                "shasum": ""
            },
            "require": {
                "php": ">=5.6.20",
                "pimple/pimple": "^3"
            },
            "require-dev": {
                "lucatume/wp-browser": "^2.4"
            },
            "type": "library",
            "autoload": {
                "psr-4": {
                    "PPVersionNotices\\": "src/"
                }
            },
            "notification-url": "https://packagist.org/downloads/",
            "license": [
                "GPL-3.0-or-later"
            ],
            "authors": [
                {
                    "name": "PublishPress",
                    "email": "help@publishpress.com",
                    "homepage": "https://publishpress.com",
                    "role": "Developer"
                }
            ],
            "description": "Library for displaying version notices for Pro plugins in WordPress.",
            "support": {
                "issues": "https://github.com/publishpress/WordPress-Version-Notices/issues",
                "source": "https://github.com/publishpress/WordPress-Version-Notices/tree/master"
            },
            "time": "2021-07-14T16:15:47+00:00"
        }
    ],
    "packages-dev": [],
    "aliases": [],
    "minimum-stability": "stable",
    "stability-flags": {
        "publishpress/wordpress-version-notices": 20
    },
    "prefer-stable": false,
    "prefer-lowest": false,
    "platform": {
        "php": ">=5.6.20"
    },
    "platform-dev": [],
    "plugin-api-version": "2.1.0"
}
